
Microsoft Visual Studio Solution File, Format Version 12.00
# Visual Studio Version 17
VisualStudioVersion = 17.3.32825.248
MinimumVisualStudioVersion = 10.0.40219.1
Project("{FAE04EC0-301F-11D3-BF4B-00C04F79EFBC}") = "Chapter", "Chapter\Chapter.csproj", "{6853704E-6AD2-4B3E-985A-3D61383F241C}"
EndProject
Global
	GlobalSection(SolutionConfigurationPlatforms) = preSolution
		Debug|Any CPU = Debug|Any CPU
		Release|Any CPU = Release|Any CPU
	EndGlobalSection
	GlobalSection(ProjectConfigurationPlatforms) = postSolution
		{6853704E-6AD2-4B3E-985A-3D61383F241C}.Debug|Any CPU.ActiveCfg = Debug|Any CPU
		{6853704E-6AD2-4B3E-985A-3D61383F241C}.Debug|Any CPU.Build.0 = Debug|Any CPU
		{6853704E-6AD2-4B3E-985A-3D61383F241C}.Release|Any CPU.ActiveCfg = Release|Any CPU
		{6853704E-6AD2-4B3E-985A-3D61383F241C}.Release|Any CPU.Build.0 = Release|Any CPU
	EndGlobalSection
	GlobalSection(SolutionProperties) = preSolution
		HideSolutionNode = FALSE
	EndGlobalSection
	GlobalSection(ExtensibilityGlobals) = postSolution
		SolutionGuid = {69BD5B3B-A3EE-4253-A627-3222B076F559}
	EndGlobalSection
EndGlobal
